
Microsoft Visual Studio Solution File, Format Version 12.00
# Visual Studio Version 16
VisualStudioVersion = 16.0.32602.291
MinimumVisualStudioVersion = 10.0.40219.1
Project("{FAE04EC0-301F-11D3-BF4B-00C04F79EFBC}") = "EFOgrenci", "EFOgrenci.csproj", "{C18860D2-C5BD-40C8-94FE-61B09F7512B1}"
EndProject
Global
	GlobalSection(SolutionConfigurationPlatforms) = preSolution
		Debug|Any CPU = Debug|Any CPU
		Release|Any CPU = Release|Any CPU
	EndGlobalSection
	GlobalSection(ProjectConfigurationPlatforms) = postSolution
		{C18860D2-C5BD-40C8-94FE-61B09F7512B1}.Debug|Any CPU.ActiveCfg = Debug|Any CPU
		{C18860D2-C5BD-40C8-94FE-61B09F7512B1}.Debug|Any CPU.Build.0 = Debug|Any CPU
		{C18860D2-C5BD-40C8-94FE-61B09F7512B1}.Release|Any CPU.ActiveCfg = Release|Any CPU
		{C18860D2-C5BD-40C8-94FE-61B09F7512B1}.Release|Any CPU.Build.0 = Release|Any CPU
	EndGlobalSection
	GlobalSection(SolutionProperties) = preSolution
		HideSolutionNode = FALSE
	EndGlobalSection
	GlobalSection(ExtensibilityGlobals) = postSolution
		SolutionGuid = {1BF193E5-0063-47EE-8E62-7A7A35CE301F}
	EndGlobalSection
EndGlobal
